
Microsoft Visual Studio Solution File, Format Version 12.00
# Visual Studio Version 16
VisualStudioVersion = 16.0.33328.57
MinimumVisualStudioVersion = 10.0.40219.1
Project("{FAE04EC0-301F-11D3-BF4B-00C04F79EFBC}") = "Wit.Example_JY901", "Wit.Example_JY901.csproj", "{3662B894-940A-4CED-8C74-6EAD3D3D89E4}"
EndProject
Global
	GlobalSection(SolutionConfigurationPlatforms) = preSolution
		Debug|Any CPU = Debug|Any CPU
		Release|Any CPU = Release|Any CPU
	EndGlobalSection
	GlobalSection(ProjectConfigurationPlatforms) = postSolution
		{3662B894-940A-4CED-8C74-6EAD3D3D89E4}.Debug|Any CPU.ActiveCfg = Debug|Any CPU
		{3662B894-940A-4CED-8C74-6EAD3D3D89E4}.Debug|Any CPU.Build.0 = Debug|Any CPU
		{3662B894-940A-4CED-8C74-6EAD3D3D89E4}.Release|Any CPU.ActiveCfg = Release|Any CPU
		{3662B894-940A-4CED-8C74-6EAD3D3D89E4}.Release|Any CPU.Build.0 = Release|Any CPU
	EndGlobalSection
	GlobalSection(SolutionProperties) = preSolution
		HideSolutionNode = FALSE
	EndGlobalSection
	GlobalSection(ExtensibilityGlobals) = postSolution
		SolutionGuid = {AEDB4577-B6A0-481D-9E28-0021A017D382}
	EndGlobalSection
EndGlobal
